
Microsoft Visual Studio Solution File, Format Version 12.00
# Visual Studio Version 16
VisualStudioVersion = 16.0.29519.181
MinimumVisualStudioVersion = 10.0.40219.1
Project("{9A19103F-16F7-4668-BE54-9A1E7A4F7556}") = "BackEnd", "BackEnd\BackEnd.csproj", "{5CE7BD0B-0672-4318-AF7E-1122102522D3}"
EndProject
Project("{9A19103F-16F7-4668-BE54-9A1E7A4F7556}") = "DataModels", "DataModels\DataModels.csproj", "{F3C12B5C-FBD1-43DD-8772-AA061E07A825}"
EndProject
Project("{9A19103F-16F7-4668-BE54-9A1E7A4F7556}") = "FrontEnd", "FrontEnd\FrontEnd.csproj", "{5D68E791-E384-4595-A355-3E02C6011A22}"
EndProject
Project("{2150E333-8FDC-42A3-9474-1A3956D46DE8}") = "Solution Items", "Solution Items", "{5AB01F78-56E6-44D5-B08F-03415E7E605A}"
	ProjectSection(SolutionItems) = preProject
		testdb.sql = testdb.sql
	EndProjectSection
EndProject
Global
	GlobalSection(SolutionConfigurationPlatforms) = preSolution
		Debug|Any CPU = Debug|Any CPU
		Release|Any CPU = Release|Any CPU
	EndGlobalSection
	GlobalSection(ProjectConfigurationPlatforms) = postSolution
		{5CE7BD0B-0672-4318-AF7E-1122102522D3}.Debug|Any CPU.ActiveCfg = Debug|Any CPU
		{5CE7BD0B-0672-4318-AF7E-1122102522D3}.Debug|Any CPU.Build.0 = Debug|Any CPU
		{5CE7BD0B-0672-4318-AF7E-1122102522D3}.Release|Any CPU.ActiveCfg = Release|Any CPU
		{5CE7BD0B-0672-4318-AF7E-1122102522D3}.Release|Any CPU.Build.0 = Release|Any CPU
		{F3C12B5C-FBD1-43DD-8772-AA061E07A825}.Debug|Any CPU.ActiveCfg = Debug|Any CPU
		{F3C12B5C-FBD1-43DD-8772-AA061E07A825}.Debug|Any CPU.Build.0 = Debug|Any CPU
		{F3C12B5C-FBD1-43DD-8772-AA061E07A825}.Release|Any CPU.ActiveCfg = Release|Any CPU
		{F3C12B5C-FBD1-43DD-8772-AA061E07A825}.Release|Any CPU.Build.0 = Release|Any CPU
		{5D68E791-E384-4595-A355-3E02C6011A22}.Debug|Any CPU.ActiveCfg = Debug|Any CPU
		{5D68E791-E384-4595-A355-3E02C6011A22}.Debug|Any CPU.Build.0 = Debug|Any CPU
		{5D68E791-E384-4595-A355-3E02C6011A22}.Release|Any CPU.ActiveCfg = Release|Any CPU
		{5D68E791-E384-4595-A355-3E02C6011A22}.Release|Any CPU.Build.0 = Release|Any CPU
	EndGlobalSection
	GlobalSection(SolutionProperties) = preSolution
		HideSolutionNode = FALSE
	EndGlobalSection
	GlobalSection(ExtensibilityGlobals) = postSolution
		SolutionGuid = {A27A25A3-446D-4E4D-89FF-BC094290CA04}
	EndGlobalSection
EndGlobal
